
Microsoft Visual Studio Solution File, Format Version 12.00
# Visual Studio Version 16
VisualStudioVersion = 16.0.30611.23
MinimumVisualStudioVersion = 10.0.40219.1
Project("{F184B08F-C81C-45F6-A57F-5ABD9991F28F}") = "Restaurant Management System", "Restaurant Management System\Restaurant Management System.vbproj", "{07E2ABC1-5CE1-4E4F-8AFC-2731A1E18FE0}"
EndProject
Global
	GlobalSection(SolutionConfigurationPlatforms) = preSolution
		Debug|Any CPU = Debug|Any CPU
		Release|Any CPU = Release|Any CPU
	EndGlobalSection
	GlobalSection(ProjectConfigurationPlatforms) = postSolution
		{07E2ABC1-5CE1-4E4F-8AFC-2731A1E18FE0}.Debug|Any CPU.ActiveCfg = Debug|Any CPU
		{07E2ABC1-5CE1-4E4F-8AFC-2731A1E18FE0}.Debug|Any CPU.Build.0 = Debug|Any CPU
		{07E2ABC1-5CE1-4E4F-8AFC-2731A1E18FE0}.Release|Any CPU.ActiveCfg = Release|Any CPU
		{07E2ABC1-5CE1-4E4F-8AFC-2731A1E18FE0}.Release|Any CPU.Build.0 = Release|Any CPU
	EndGlobalSection
	GlobalSection(SolutionProperties) = preSolution
		HideSolutionNode = FALSE
	EndGlobalSection
	GlobalSection(ExtensibilityGlobals) = postSolution
		SolutionGuid = {74CFAE9E-8701-4BCF-8C1C-2D101B813D6E}
	EndGlobalSection
EndGlobal
